
Microsoft Visual Studio Solution File, Format Version 12.00
# Visual Studio 15
VisualStudioVersion = 15.0.27703.2026
MinimumVisualStudioVersion = 10.0.40219.1
Project("{FAE04EC0-301F-11D3-BF4B-00C04F79EFBC}") = "CarDealershipAPI", "CarDealershipAPI\CarDealershipAPI.csproj", "{BA577B62-D308-4384-887F-04C8CF11ABE1}"
EndProject
Project("{FAE04EC0-301F-11D3-BF4B-00C04F79EFBC}") = "CarDealershipAPI.Data", "CarDealershipAPI.Data\CarDealershipAPI.Data.csproj", "{C56F2E00-1450-4069-8CC8-CEDE705A3CDD}"
EndProject
Project("{FAE04EC0-301F-11D3-BF4B-00C04F79EFBC}") = "CarDealershipAPI.Domain", "CarDealershipAPI.Domain\CarDealershipAPI.Domain.csproj", "{9D080DBD-7811-4509-ADE9-39EE1A8578D4}"
EndProject
Project("{FAE04EC0-301F-11D3-BF4B-00C04F79EFBC}") = "CarDealershipMVCProject", "CarDealershipMVCProject\CarDealershipMVCProject.csproj", "{06551820-B4E4-4661-8D0F-ECC3BFFE200B}"
EndProject
Project("{FAE04EC0-301F-11D3-BF4B-00C04F79EFBC}") = "CarDealershipMVC.Services", "CarDealershipMVC.Services\CarDealershipMVC.Services.csproj", "{0BB00237-5A91-466F-BA94-7E5F4B548B3D}"
EndProject
Global
	GlobalSection(SolutionConfigurationPlatforms) = preSolution
		Debug|Any CPU = Debug|Any CPU
		Release|Any CPU = Release|Any CPU
	EndGlobalSection
	GlobalSection(ProjectConfigurationPlatforms) = postSolution
		{BA577B62-D308-4384-887F-04C8CF11ABE1}.Debug|Any CPU.ActiveCfg = Debug|Any CPU
		{BA577B62-D308-4384-887F-04C8CF11ABE1}.Debug|Any CPU.Build.0 = Debug|Any CPU
		{BA577B62-D308-4384-887F-04C8CF11ABE1}.Release|Any CPU.ActiveCfg = Release|Any CPU
		{BA577B62-D308-4384-887F-04C8CF11ABE1}.Release|Any CPU.Build.0 = Release|Any CPU
		{C56F2E00-1450-4069-8CC8-CEDE705A3CDD}.Debug|Any CPU.ActiveCfg = Debug|Any CPU
		{C56F2E00-1450-4069-8CC8-CEDE705A3CDD}.Debug|Any CPU.Build.0 = Debug|Any CPU
		{C56F2E00-1450-4069-8CC8-CEDE705A3CDD}.Release|Any CPU.ActiveCfg = Release|Any CPU
		{C56F2E00-1450-4069-8CC8-CEDE705A3CDD}.Release|Any CPU.Build.0 = Release|Any CPU
		{9D080DBD-7811-4509-ADE9-39EE1A8578D4}.Debug|Any CPU.ActiveCfg = Debug|Any CPU
		{9D080DBD-7811-4509-ADE9-39EE1A8578D4}.Debug|Any CPU.Build.0 = Debug|Any CPU
		{9D080DBD-7811-4509-ADE9-39EE1A8578D4}.Release|Any CPU.ActiveCfg = Release|Any CPU
		{9D080DBD-7811-4509-ADE9-39EE1A8578D4}.Release|Any CPU.Build.0 = Release|Any CPU
		{06551820-B4E4-4661-8D0F-ECC3BFFE200B}.Debug|Any CPU.ActiveCfg = Debug|Any CPU
		{06551820-B4E4-4661-8D0F-ECC3BFFE200B}.Debug|Any CPU.Build.0 = Debug|Any CPU
		{06551820-B4E4-4661-8D0F-ECC3BFFE200B}.Release|Any CPU.ActiveCfg = Release|Any CPU
		{06551820-B4E4-4661-8D0F-ECC3BFFE200B}.Release|Any CPU.Build.0 = Release|Any CPU
		{0BB00237-5A91-466F-BA94-7E5F4B548B3D}.Debug|Any CPU.ActiveCfg = Debug|Any CPU
		{0BB00237-5A91-466F-BA94-7E5F4B548B3D}.Debug|Any CPU.Build.0 = Debug|Any CPU
		{0BB00237-5A91-466F-BA94-7E5F4B548B3D}.Release|Any CPU.ActiveCfg = Release|Any CPU
		{0BB00237-5A91-466F-BA94-7E5F4B548B3D}.Release|Any CPU.Build.0 = Release|Any CPU
	EndGlobalSection
	GlobalSection(SolutionProperties) = preSolution
		HideSolutionNode = FALSE
	EndGlobalSection
	GlobalSection(ExtensibilityGlobals) = postSolution
		SolutionGuid = {69E36290-1879-41E0-99E1-3C8A18BBF695}
	EndGlobalSection
EndGlobal
